
Microsoft Visual Studio Solution File, Format Version 12.00
# Visual Studio Version 16
VisualStudioVersion = 16.0.30104.148
MinimumVisualStudioVersion = 10.0.40219.1
Project("{FAE04EC0-301F-11D3-BF4B-00C04F79EFBC}") = "PlugY Configurator", "PlugY Configurator\PlugY Configurator.csproj", "{C0BEAEE6-4E67-4186-A6C6-7D727369CDE5}"
EndProject
Global
	GlobalSection(SolutionConfigurationPlatforms) = preSolution
		Debug|Any CPU = Debug|Any CPU
		Release|Any CPU = Release|Any CPU
	EndGlobalSection
	GlobalSection(ProjectConfigurationPlatforms) = postSolution
		{C0BEAEE6-4E67-4186-A6C6-7D727369CDE5}.Debug|Any CPU.ActiveCfg = Debug|Any CPU
		{C0BEAEE6-4E67-4186-A6C6-7D727369CDE5}.Debug|Any CPU.Build.0 = Debug|Any CPU
		{C0BEAEE6-4E67-4186-A6C6-7D727369CDE5}.Release|Any CPU.ActiveCfg = Release|Any CPU
		{C0BEAEE6-4E67-4186-A6C6-7D727369CDE5}.Release|Any CPU.Build.0 = Release|Any CPU
	EndGlobalSection
	GlobalSection(SolutionProperties) = preSolution
		HideSolutionNode = FALSE
	EndGlobalSection
	GlobalSection(ExtensibilityGlobals) = postSolution
		SolutionGuid = {738152E9-20F6-414F-AC40-7B2AFA7DED06}
	EndGlobalSection
EndGlobal
